
Microsoft Visual Studio Solution File, Format Version 12.00
# Visual Studio 15
VisualStudioVersion = 15.0.27004.2009
MinimumVisualStudioVersion = 10.0.40219.1
Project("{FAE04EC0-301F-11D3-BF4B-00C04F79EFBC}") = "SmartMatrix", "SmartMatrix\SmartMatrix.csproj", "{4F391A64-1A87-4817-8149-3C38DBF9FB11}"
EndProject
Project("{FAE04EC0-301F-11D3-BF4B-00C04F79EFBC}") = "LexicalTools", "LexicalTools\LexicalTools.csproj", "{2125E1D3-2227-4EC8-BC79-12DB12C104EE}"
EndProject
Project("{FAE04EC0-301F-11D3-BF4B-00C04F79EFBC}") = "SyntacticTools", "SyntacticTools\SyntacticTools.csproj", "{17E06C7F-ACD2-43F7-B5AC-FEDB583A7931}"
EndProject
Project("{FAE04EC0-301F-11D3-BF4B-00C04F79EFBC}") = "TestSyntact", "TestSyntact\TestSyntact.csproj", "{C00454E6-E645-4A0E-A36C-CFAD903F754E}"
EndProject
Global
	GlobalSection(SolutionConfigurationPlatforms) = preSolution
		Debug|Any CPU = Debug|Any CPU
		Release|Any CPU = Release|Any CPU
	EndGlobalSection
	GlobalSection(ProjectConfigurationPlatforms) = postSolution
		{4F391A64-1A87-4817-8149-3C38DBF9FB11}.Debug|Any CPU.ActiveCfg = Debug|Any CPU
		{4F391A64-1A87-4817-8149-3C38DBF9FB11}.Debug|Any CPU.Build.0 = Debug|Any CPU
		{4F391A64-1A87-4817-8149-3C38DBF9FB11}.Release|Any CPU.ActiveCfg = Release|Any CPU
		{4F391A64-1A87-4817-8149-3C38DBF9FB11}.Release|Any CPU.Build.0 = Release|Any CPU
		{2125E1D3-2227-4EC8-BC79-12DB12C104EE}.Debug|Any CPU.ActiveCfg = Debug|Any CPU
		{2125E1D3-2227-4EC8-BC79-12DB12C104EE}.Debug|Any CPU.Build.0 = Debug|Any CPU
		{2125E1D3-2227-4EC8-BC79-12DB12C104EE}.Release|Any CPU.ActiveCfg = Release|Any CPU
		{2125E1D3-2227-4EC8-BC79-12DB12C104EE}.Release|Any CPU.Build.0 = Release|Any CPU
		{17E06C7F-ACD2-43F7-B5AC-FEDB583A7931}.Debug|Any CPU.ActiveCfg = Debug|Any CPU
		{17E06C7F-ACD2-43F7-B5AC-FEDB583A7931}.Debug|Any CPU.Build.0 = Debug|Any CPU
		{17E06C7F-ACD2-43F7-B5AC-FEDB583A7931}.Release|Any CPU.ActiveCfg = Release|Any CPU
		{17E06C7F-ACD2-43F7-B5AC-FEDB583A7931}.Release|Any CPU.Build.0 = Release|Any CPU
		{C00454E6-E645-4A0E-A36C-CFAD903F754E}.Debug|Any CPU.ActiveCfg = Debug|Any CPU
		{C00454E6-E645-4A0E-A36C-CFAD903F754E}.Debug|Any CPU.Build.0 = Debug|Any CPU
		{C00454E6-E645-4A0E-A36C-CFAD903F754E}.Release|Any CPU.ActiveCfg = Release|Any CPU
		{C00454E6-E645-4A0E-A36C-CFAD903F754E}.Release|Any CPU.Build.0 = Release|Any CPU
	EndGlobalSection
	GlobalSection(SolutionProperties) = preSolution
		HideSolutionNode = FALSE
	EndGlobalSection
	GlobalSection(ExtensibilityGlobals) = postSolution
		SolutionGuid = {29CCBA4D-99E1-413A-AD81-DCBA2FB1D2B2}
	EndGlobalSection
EndGlobal
